
Microsoft Visual Studio Solution File, Format Version 12.00
# Visual Studio Version 16
VisualStudioVersion = 16.0.30611.23
MinimumVisualStudioVersion = 10.0.40219.1
Project("{9A19103F-16F7-4668-BE54-9A1E7A4F7556}") = "CA.SimpleWebScraper", "CA.SimpleWebScraper\CA.SimpleWebScraper.csproj", "{89590826-48DA-47DD-B59A-2E4E37B7554C}"
EndProject
Global
	GlobalSection(SolutionConfigurationPlatforms) = preSolution
		Debug|Any CPU = Debug|Any CPU
		Release|Any CPU = Release|Any CPU
	EndGlobalSection
	GlobalSection(ProjectConfigurationPlatforms) = postSolution
		{89590826-48DA-47DD-B59A-2E4E37B7554C}.Debug|Any CPU.ActiveCfg = Debug|Any CPU
		{89590826-48DA-47DD-B59A-2E4E37B7554C}.Debug|Any CPU.Build.0 = Debug|Any CPU
		{89590826-48DA-47DD-B59A-2E4E37B7554C}.Release|Any CPU.ActiveCfg = Release|Any CPU
		{89590826-48DA-47DD-B59A-2E4E37B7554C}.Release|Any CPU.Build.0 = Release|Any CPU
	EndGlobalSection
	GlobalSection(SolutionProperties) = preSolution
		HideSolutionNode = FALSE
	EndGlobalSection
	GlobalSection(ExtensibilityGlobals) = postSolution
		SolutionGuid = {0CA64DB3-646B-413A-8A6E-5618FE937125}
	EndGlobalSection
EndGlobal
